// !$*UTF8*$!
{
	archiveVersion = 1;
	classes = {
	};
	objectVersion = 50;
	objects = {

/* Begin PBXBuildFile section */
		84366AEC21624972005980DF /* AppDelegate.swift in Sources */ = {isa = PBXBuildFile; fileRef = 84366AEB21624972005980DF /* AppDelegate.swift */; };
		84366AEE21624972005980DF /* ViewController.swift in Sources */ = {isa = PBXBuildFile; fileRef = 84366AED21624972005980DF /* ViewController.swift */; };
		84366AF121624972005980DF /* Main.storyboard in Resources */ = {isa = PBXBuildFile; fileRef = 84366AEF21624972005980DF /* Main.storyboard */; };
		84366AF321624978005980DF /* Assets.xcassets in Resources */ = {isa = PBXBuildFile; fileRef = 84366AF221624978005980DF /* Assets.xcassets */; };
		84366AF621624978005980DF /* LaunchScreen.storyboard in Resources */ = {isa = PBXBuildFile; fileRef = 84366AF421624978005980DF /* LaunchScreen.storyboard */; };
		84366AFE21624B92005980DF /* RegistrationViewController.swift in Sources */ = {isa = PBXBuildFile; fileRef = 84366AFD21624B92005980DF /* RegistrationViewController.swift */; };
		84366B07216284F6005980DF /* TableViewCell.swift in Sources */ = {isa = PBXBuildFile; fileRef = 84366B05216284F6005980DF /* TableViewCell.swift */; };
		84366B08216284F6005980DF /* TableViewCell.xib in Resources */ = {isa = PBXBuildFile; fileRef = 84366B06216284F6005980DF /* TableViewCell.xib */; };
		84DCFB152163494F008F9BEB /* DetailsData.xcdatamodeld in Sources */ = {isa = PBXBuildFile; fileRef = 84DCFB132163494F008F9BEB /* DetailsData.xcdatamodeld */; };
/* End PBXBuildFile section */

/* Begin PBXFileReference section */
		84366AE821624972005980DF /* Registration Form with Core Data.app */ = {isa = PBXFileReference; explicitFileType = wrapper.application; includeInIndex = 0; path = "Registration Form with Core Data.app"; sourceTree = BUILT_PRODUCTS_DIR; };
		84366AEB21624972005980DF /* AppDelegate.swift */ = {isa = PBXFileReference; lastKnownFileType = sourcecode.swift; path = AppDelegate.swift; sourceTree = "<group>"; };
		84366AED21624972005980DF /* ViewController.swift */ = {isa = PBXFileReference; lastKnownFileType = sourcecode.swift; path = ViewController.swift; sourceTree = "<group>"; };
		84366AF021624972005980DF /* Base */ = {isa = PBXFileReference; lastKnownFileType = file.storyboard; name = Base; path = Base.lproj/Main.storyboard; sourceTree = "<group>"; };
		84366AF221624978005980DF /* Assets.xcassets */ = {isa = PBXFileReference; lastKnownFileType = folder.assetcatalog; path = Assets.xcassets; sourceTree = "<group>"; };
		84366AF521624978005980DF /* Base */ = {isa = PBXFileReference; lastKnownFileType = file.storyboard; name = Base; path = Base.lproj/LaunchScreen.storyboard; sourceTree = "<group>"; };
		84366AF721624978005980DF /* Info.plist */ = {isa = PBXFileReference; lastKnownFileType = text.plist.xml; path = Info.plist; sourceTree = "<group>"; };
		84366AFD21624B92005980DF /* RegistrationViewController.swift */ = {isa = PBXFileReference; lastKnownFileType = sourcecode.swift; path = RegistrationViewController.swift; sourceTree = "<group>"; wrapsLines = 0; };
		84366B05216284F6005980DF /* TableViewCell.swift */ = {isa = PBXFileReference; lastKnownFileType = sourcecode.swift; path = TableViewCell.swift; sourceTree = "<group>"; };
		84366B06216284F6005980DF /* TableViewCell.xib */ = {isa = PBXFileReference; lastKnownFileType = file.xib; path = TableViewCell.xib; sourceTree = "<group>"; };
		84DCFB142163494F008F9BEB /* DetailsData.xcdatamodel */ = {isa = PBXFileReference; lastKnownFileType = wrapper.xcdatamodel; path = DetailsData.xcdatamodel; sourceTree = "<group>"; };
/* End PBXFileReference section */

/* Begin PBXFrameworksBuildPhase section */
		84366AE521624972005980DF /* Frameworks */ = {
			isa = PBXFrameworksBuildPhase;
			buildActionMask = 2147483647;
			files = (
			);
			runOnlyForDeploymentPostprocessing = 0;
		};
/* End PBXFrameworksBuildPhase section */

/* Begin PBXGroup section */
		84366ADF21624971005980DF = {
			isa = PBXGroup;
			children = (
				84366AEA21624972005980DF /* Registration Form with Core Data */,
				84366AE921624972005980DF /* Products */,
			);
			sourceTree = "<group>";
		};
		84366AE921624972005980DF /* Products */ = {
			isa = PBXGroup;
			children = (
				84366AE821624972005980DF /* Registration Form with Core Data.app */,
			);
			name = Products;
			sourceTree = "<group>";
		};
		84366AEA21624972005980DF /* Registration Form with Core Data */ = {
			isa = PBXGroup;
			children = (
				84366AEB21624972005980DF /* AppDelegate.swift */,
				84366AED21624972005980DF /* ViewController.swift */,
				84366B05216284F6005980DF /* TableViewCell.swift */,
				84366B06216284F6005980DF /* TableViewCell.xib */,
				84DCFB132163494F008F9BEB /* DetailsData.xcdatamodeld */,
				84366AFD21624B92005980DF /* RegistrationViewController.swift */,
				84366AEF21624972005980DF /* Main.storyboard */,
				84366AF221624978005980DF /* Assets.xcassets */,
				84366AF421624978005980DF /* LaunchScreen.storyboard */,
				84366AF721624978005980DF /* Info.plist */,
			);
			path = "Registration Form with Core Data";
			sourceTree = "<group>";
		};
/* End PBXGroup section */

/* Begin PBXNativeTarget section */
		84366AE721624972005980DF /* Registration Form with Core Data */ = {
			isa = PBXNativeTarget;
			buildConfigurationList = 84366AFA21624978005980DF /* Build configuration list for PBXNativeTarget "Registration Form with Core Data" */;
			buildPhases = (
				84366AE421624972005980DF /* Sources */,
				84366AE521624972005980DF /* Frameworks */,
				84366AE621624972005980DF /* Resources */,
			);
			buildRules = (
			);
			dependencies = (
			);
			name = "Registration Form with Core Data";
			productName = "Registration Form with Core Data";
			productReference = 84366AE821624972005980DF /* Registration Form with Core Data.app */;
			productType = "com.apple.product-type.application";
		};
/* End PBXNativeTarget section */

/* Begin PBXProject section */
		84366AE021624971005980DF /* Project object */ = {
			isa = PBXProject;
			attributes = {
				LastSwiftUpdateCheck = 1000;
				LastUpgradeCheck = 1000;
				ORGANIZATIONNAME = Kapil;
				TargetAttributes = {
					84366AE721624972005980DF = {
						CreatedOnToolsVersion = 10.0;
					};
				};
			};
			buildConfigurationList = 84366AE321624971005980DF /* Build configuration list for PBXProject "Registration Form with Core Data" */;
			compatibilityVersion = "Xcode 9.3";
			developmentRegion = en;
			hasScannedForEncodings = 0;
			knownRegions = (
				en,
				Base,
			);
			mainGroup = 84366ADF21624971005980DF;
			productRefGroup = 84366AE921624972005980DF /* Products */;
			projectDirPath = "";
			projectRoot = "";
			targets = (
				84366AE721624972005980DF /* Registration Form with Core Data */,
			);
		};
/* End PBXProject section */

/* Begin PBXResourcesBuildPhase section */
		84366AE621624972005980DF /* Resources */ = {
			isa = PBXResourcesBuildPhase;
			buildActionMask = 2147483647;
			files = (
				84366AF621624978005980DF /* LaunchScreen.storyboard in Resources */,
				84366B08216284F6005980DF /* TableViewCell.xib in Resources */,
				84366AF321624978005980DF /* Assets.xcassets in Resources */,
				84366AF121624972005980DF /* Main.storyboard in Resources */,
			);
			runOnlyForDeploymentPostprocessing = 0;
		};
/* End PBXResourcesBuildPhase section */

/* Begin PBXSourcesBuildPhase section */
		84366AE421624972005980DF /* Sources */ = {
			isa = PBXSourcesBuildPhase;
			buildActionMask = 2147483647;
			files = (
				84366B07216284F6005980DF /* TableViewCell.swift in Sources */,
				84366AFE21624B92005980DF /* RegistrationViewController.swift in Sources */,
				84DCFB152163494F008F9BEB /* DetailsData.xcdatamodeld in Sources */,
				84366AEE21624972005980DF /* ViewController.swift in Sources */,
				84366AEC21624972005980DF /* AppDelegate.swift in Sources */,
			);
			runOnlyForDeploymentPostprocessing = 0;
		};
/* End PBXSourcesBuildPhase section */

/* Begin PBXVariantGroup section */
		84366AEF21624972005980DF /* Main.storyboard */ = {
			isa = PBXVariantGroup;
			children = (
				84366AF021624972005980DF /* Base */,
			);
			name = Main.storyboard;
			sourceTree = "<group>";
		};
		84366AF421624978005980DF /* LaunchScreen.storyboard */ = {
			isa = PBXVariantGroup;
			children = (
				84366AF521624978005980DF /* Base */,
			);
			name = LaunchScreen.storyboard;
			sourceTree = "<group>";
		};
/* End PBXVariantGroup section */

/* Begin XCBuildConfiguration section */
		84366AF821624978005980DF /* Debug */ = {
			isa = XCBuildConfiguration;
			buildSettings = {
				ALWAYS_SEARCH_USER_PATHS = NO;
				CLANG_ANALYZER_NONNULL = YES;
				CLANG_ANALYZER_NUMBER_OBJECT_CONVERSION = YES_AGGRESSIVE;
				CLANG_CXX_LANGUAGE_STANDARD = "gnu++14";
				CLANG_CXX_LIBRARY = "libc++";
				CLANG_ENABLE_MODULES = YES;
				CLANG_ENABLE_OBJC_ARC = YES;
				CLANG_ENABLE_OBJC_WEAK = YES;
				CLANG_WARN_BLOCK_CAPTURE_AUTORELEASING = YES;
				CLANG_WARN_BOOL_CONVERSION = YES;
				CLANG_WARN_COMMA = YES;
				CLANG_WARN_CONSTANT_CONVERSION = YES;
				CLANG_WARN_DEPRECATED_OBJC_IMPLEMENTATIONS = YES;
				CLANG_WARN_DIRECT_OBJC_ISA_USAGE = YES_ERROR;
				CLANG_WARN_DOCUMENTATION_COMMENTS = YES;
				CLANG_WARN_EMPTY_BODY = YES;
				CLANG_WARN_ENUM_CONVERSION = YES;
				CLANG_WARN_INFINITE_RECURSION = YES;
				CLANG_WARN_INT_CONVERSION = YES;
				CLANG_WARN_NON_LITERAL_NULL_CONVERSION = YES;
				CLANG_WARN_OBJC_IMPLICIT_RETAIN_SELF = YES;
				CLANG_WARN_OBJC_LITERAL_CONVERSION = YES;
				CLANG_WARN_OBJC_ROOT_CLASS = YES_ERROR;
				CLANG_WARN_RANGE_LOOP_ANALYSIS = YES;
				CLANG_WARN_STRICT_PROTOTYPES = YES;
				CLANG_WARN_SUSPICIOUS_MOVE = YES;
				CLANG_WARN_UNGUARDED_AVAILABILITY = YES_AGGRESSIVE;
				CLANG_WARN_UNREACHABLE_CODE = YES;
				CLANG_WARN__DUPLICATE_METHOD_MATCH = YES;
				CODE_SIGN_IDENTITY = "iPhone Developer";
				COPY_PHASE_STRIP = NO;
				DEBUG_INFORMATION_FORMAT = dwarf;
				ENABLE_STRICT_OBJC_MSGSEND = YES;
				ENABLE_TESTABILITY = YES;
				GCC_C_LANGUAGE_STANDARD = gnu11;
				GCC_DYNAMIC_NO_PIC = NO;
				GCC_NO_COMMON_BLOCKS = YES;
				GCC_OPTIMIZATION_LEVEL = 0;
				GCC_PREPROCESSOR_DEFINITIONS = (
					"DEBUG=1",
					"$(inherited)",
				);
				GCC_WARN_64_TO_32_BIT_CONVERSION = YES;
				GCC_WARN_ABOUT_RETURN_TYPE = YES_ERROR;
				GCC_WARN_UNDECLARED_SELECTOR = YES;
				GCC_WARN_UNINITIALIZED_AUTOS = YES_AGGRESSIVE;
				GCC_WARN_UNUSED_FUNCTION = YES;
				GCC_WARN_UNUSED_VARIABLE = YES;
				IPHONEOS_DEPLOYMENT_TARGET = 12.0;
				MTL_ENABLE_DEBUG_INFO = INCLUDE_SOURCE;
				MTL_FAST_MATH = YES;
				ONLY_ACTIVE_ARCH = YES;
				SDKROOT = iphoneos;
				SWIFT_ACTIVE_COMPILATION_CONDITIONS = DEBUG;
				SWIFT_OPTIMIZATION_LEVEL = "-Onone";
			};
			name = Debug;
		};
		84366AF921624978005980DF /* Release */ = {
			isa = XCBuildConfiguration;
			buildSettings = {
				ALWAYS_SEARCH_USER_PATHS = NO;
				CLANG_ANALYZER_NONNULL = YES;
				CLANG_ANALYZER_NUMBER_OBJECT_CONVERSION = YES_AGGRESSIVE;
				CLANG_CXX_LANGUAGE_STANDARD = "gnu++14";
				CLANG_CXX_LIBRARY = "libc++";
				CLANG_ENABLE_MODULES = YES;
				CLANG_ENABLE_OBJC_ARC = YES;
				CLANG_ENABLE_OBJC_WEAK = YES;
				CLANG_WARN_BLOCK_CAPTURE_AUTORELEASING = YES;
				CLANG_WARN_BOOL_CONVERSION = YES;
				CLANG_WARN_COMMA = YES;
				CLANG_WARN_CONSTANT_CONVERSION = YES;
				CLANG_WARN_DEPRECATED_OBJC_IMPLEMENTATIONS = YES;
				CLANG_WARN_DIRECT_OBJC_ISA_USAGE = YES_ERROR;
				CLANG_WARN_DOCUMENTATION_COMMENTS = YES;
				CLANG_WARN_EMPTY_BODY = YES;
				CLANG_WARN_ENUM_CONVERSION = YES;
				CLANG_WARN_INFINITE_RECURSION = YES;
				CLANG_WARN_INT_CONVERSION = YES;
				CLANG_WARN_NON_LITERAL_NULL_CONVERSION = YES;
				CLANG_WARN_OBJC_IMPLICIT_RETAIN_SELF = YES;
				CLANG_WARN_OBJC_LITERAL_CONVERSION = YES;
				CLANG_WARN_OBJC_ROOT_CLASS = YES_ERROR;
				CLANG_WARN_RANGE_LOOP_ANALYSIS = YES;
				CLANG_WARN_STRICT_PROTOTYPES = YES;
				CLANG_WARN_SUSPICIOUS_MOVE = YES;
				CLANG_WARN_UNGUARDED_AVAILABILITY = YES_AGGRESSIVE;
				CLANG_WARN_UNREACHABLE_CODE = YES;
				CLANG_WARN__DUPLICATE_METHOD_MATCH = YES;
				CODE_SIGN_IDENTITY = "iPhone Developer";
				COPY_PHASE_STRIP = NO;
				DEBUG_INFORMATION_FORMAT = "dwarf-with-dsym";
				ENABLE_NS_ASSERTIONS = NO;
				ENABLE_STRICT_OBJC_MSGSEND = YES;
				GCC_C_LANGUAGE_STANDARD = gnu11;
				GCC_NO_COMMON_BLOCKS = YES;
				GCC_WARN_64_TO_32_BIT_CONVERSION = YES;
				GCC_WARN_ABOUT_RETURN_TYPE = YES_ERROR;
				GCC_WARN_UNDECLARED_SELECTOR = YES;
				GCC_WARN_UNINITIALIZED_AUTOS = YES_AGGRESSIVE;
				GCC_WARN_UNUSED_FUNCTION = YES;
				GCC_WARN_UNUSED_VARIABLE = YES;
				IPHONEOS_DEPLOYMENT_TARGET = 12.0;
				MTL_ENABLE_DEBUG_INFO = NO;
				MTL_FAST_MATH = YES;
				SDKROOT = iphoneos;
				SWIFT_COMPILATION_MODE = wholemodule;
				SWIFT_OPTIMIZATION_LEVEL = "-O";
				VALIDATE_PRODUCT = YES;
			};
			name = Release;
		};
		84366AFB21624978005980DF /* Debug */ = {
			isa = XCBuildConfiguration;
			buildSettings = {
				ASSETCATALOG_COMPILER_APPICON_NAME = AppIcon;
				CODE_SIGN_STYLE = Automatic;
				INFOPLIST_FILE = "Registration Form with Core Data/Info.plist";
				LD_RUNPATH_SEARCH_PATHS = (
					"$(inherited)",
					"@executable_path/Frameworks",
				);
				PRODUCT_BUNDLE_IDENTIFIER = "com.kapil.Registration-Form-with-Core-Data";
				PRODUCT_NAME = "$(TARGET_NAME)";
				SWIFT_VERSION = 4.2;
				TARGETED_DEVICE_FAMILY = "1,2";
			};
			name = Debug;
		};
		84366AFC21624978005980DF /* Release */ = {
			isa = XCBuildConfiguration;
			buildSettings = {
				ASSETCATALOG_COMPILER_APPICON_NAME = AppIcon;
				CODE_SIGN_STYLE = Automatic;
				INFOPLIST_FILE = "Registration Form with Core Data/Info.plist";
				LD_RUNPATH_SEARCH_PATHS = (
					"$(inherited)",
					"@executable_path/Frameworks",
				);
				PRODUCT_BUNDLE_IDENTIFIER = "com.kapil.Registration-Form-with-Core-Data";
				PRODUCT_NAME = "$(TARGET_NAME)";
				SWIFT_VERSION = 4.2;
				TARGETED_DEVICE_FAMILY = "1,2";
			};
			name = Release;
		};
/* End XCBuildConfiguration section */

/* Begin XCConfigurationList section */
		84366AE321624971005980DF /* Build configuration list for PBXProject "Registration Form with Core Data" */ = {
			isa = XCConfigurationList;
			buildConfigurations = (
				84366AF821624978005980DF /* Debug */,
				84366AF921624978005980DF /* Release */,
			);
			defaultConfigurationIsVisible = 0;
			defaultConfigurationName = Release;
		};
		84366AFA21624978005980DF /* Build configuration list for PBXNativeTarget "Registration Form with Core Data" */ = {
			isa = XCConfigurationList;
			buildConfigurations = (
				84366AFB21624978005980DF /* Debug */,
				84366AFC21624978005980DF /* Release */,
			);
			defaultConfigurationIsVisible = 0;
			defaultConfigurationName = Release;
		};
/* End XCConfigurationList section */

/* Begin XCVersionGroup section */
		84DCFB132163494F008F9BEB /* DetailsData.xcdatamodeld */ = {
			isa = XCVersionGroup;
			children = (
				84DCFB142163494F008F9BEB /* DetailsData.xcdatamodel */,
			);
			currentVersion = 84DCFB142163494F008F9BEB /* DetailsData.xcdatamodel */;
			path = DetailsData.xcdatamodeld;
			sourceTree = "<group>";
			versionGroupType = wrapper.xcdatamodel;
		};
/* End XCVersionGroup section */
	};
	rootObject = 84366AE021624971005980DF /* Project object */;
}
